Microsoft Visual Studio Solution File, Format Version 11.00
# Visual Studio 2010
Project("{F184B08F-C81C-45F6-A57F-5ABD9991F28F}") = "UseCollectionViewLinkSL.Web", "UseCollectionViewLinkSL.Web\UseCollectionViewLinkSL.Web.vbproj", "{23B70082-DAD8-4E5B-825B-5D588FF8CDF2}"
EndProject
Project("{F184B08F-C81C-45F6-A57F-5ABD9991F28F}") = "UseCollectionViewLinkSL", "UseCollectionViewLinkSL\UseCollectionViewLinkSL.vbproj", "{ACC20032-3EC7-4E03-A591-DFFDF6CFCDEA}"
EndProject
Global
	GlobalSection(SolutionConfigurationPlatforms) = preSolution
		Debug|Any CPU = Debug|Any CPU
		Release|Any CPU = Release|Any CPU
	EndGlobalSection
	GlobalSection(ProjectConfigurationPlatforms) = postSolution
		{ACC20032-3EC7-4E03-A591-DFFDF6CFCDEA}.Debug|Any CPU.ActiveCfg = Debug|Any CPU
		{ACC20032-3EC7-4E03-A591-DFFDF6CFCDEA}.Debug|Any CPU.Build.0 = Debug|Any CPU
		{ACC20032-3EC7-4E03-A591-DFFDF6CFCDEA}.Release|Any CPU.ActiveCfg = Release|Any CPU
		{ACC20032-3EC7-4E03-A591-DFFDF6CFCDEA}.Release|Any CPU.Build.0 = Release|Any CPU
		{23B70082-DAD8-4E5B-825B-5D588FF8CDF2}.Debug|Any CPU.ActiveCfg = Debug|Any CPU
		{23B70082-DAD8-4E5B-825B-5D588FF8CDF2}.Debug|Any CPU.Build.0 = Debug|Any CPU
		{23B70082-DAD8-4E5B-825B-5D588FF8CDF2}.Release|Any CPU.ActiveCfg = Release|Any CPU
		{23B70082-DAD8-4E5B-825B-5D588FF8CDF2}.Release|Any CPU.Build.0 = Release|Any CPU
	EndGlobalSection
	GlobalSection(SolutionProperties) = preSolution
		HideSolutionNode = FALSE
	EndGlobalSection
EndGlobal
